
Microsoft Visual Studio Solution File, Format Version 12.00
# Visual Studio Version 17
VisualStudioVersion = 17.4.33205.214
MinimumVisualStudioVersion = 10.0.40219.1
Project("{FAE04EC0-301F-11D3-BF4B-00C04F79EFBC}") = "AlunosAPI", "AlunosAPI\AlunosAPI.csproj", "{A4D4F999-8218-47FA-880D-871B84BD68A1}"
EndProject
Global
	GlobalSection(SolutionConfigurationPlatforms) = preSolution
		Debug|Any CPU = Debug|Any CPU
		Release|Any CPU = Release|Any CPU
	EndGlobalSection
	GlobalSection(ProjectConfigurationPlatforms) = postSolution
		{A4D4F999-8218-47FA-880D-871B84BD68A1}.Debug|Any CPU.ActiveCfg = Debug|Any CPU
		{A4D4F999-8218-47FA-880D-871B84BD68A1}.Debug|Any CPU.Build.0 = Debug|Any CPU
		{A4D4F999-8218-47FA-880D-871B84BD68A1}.Release|Any CPU.ActiveCfg = Release|Any CPU
		{A4D4F999-8218-47FA-880D-871B84BD68A1}.Release|Any CPU.Build.0 = Release|Any CPU
	EndGlobalSection
	GlobalSection(SolutionProperties) = preSolution
		HideSolutionNode = FALSE
	EndGlobalSection
	GlobalSection(ExtensibilityGlobals) = postSolution
		SolutionGuid = {7EE5A77F-34D5-4813-9E53-68247FC7C3E7}
	EndGlobalSection
EndGlobal
